{
  "name": "backend-design",
  "lockfileVersion": 3,
  "requires": true,
  "packages": {
    "": {
      "dependencies": {
        "marked": "^18.0.10"
      }
    },
    "node_modules/marked": {
      "version": "18.0.10",
      "resolved": "https://registry.npmjs.org/marked/-/marked-18.0.10.tgz",
      "integrity": "sha512-FJeH4bRpYoXiggcgriCGItKCSv3xkngJc4QCZ/rkQCogU3VYaLxYJoZl8Nw/b4+x7iij/pd+09mZ6A1dXzpL0A==",
      "license": "MIT",
      "bin": {
        "marked": "bin/marked.js"
      },
      "engines": {
        "node": ">= 20"
      }
    }
  }
}
